
Microsoft Visual Studio Solution File, Format Version 12.00
# Visual Studio 2015
Project("{FAE04EC0-301F-11D3-BF4B-00C04F79EFBC}") = "SW_X 2", "SW_X 2.csproj", "{B7DD0538-729F-FF63-FC85-393C60C1EACD}"
EndProject
Global
	GlobalSection(SolutionConfigurationPlatforms) = preSolution
		Debug|Any CPU = Debug|Any CPU
		Release|Any CPU = Release|Any CPU
	EndGlobalSection
	GlobalSection(ProjectConfigurationPlatforms) = postSolution
		{B7DD0538-729F-FF63-FC85-393C60C1EACD}.Debug|Any CPU.ActiveCfg = Debug|Any CPU
		{B7DD0538-729F-FF63-FC85-393C60C1EACD}.Debug|Any CPU.Build.0 = Debug|Any CPU
		{B7DD0538-729F-FF63-FC85-393C60C1EACD}.Release|Any CPU.ActiveCfg = Release|Any CPU
		{B7DD0538-729F-FF63-FC85-393C60C1EACD}.Release|Any CPU.Build.0 = Release|Any CPU
	EndGlobalSection
	GlobalSection(SolutionProperties) = preSolution
		HideSolutionNode = FALSE
	EndGlobalSection
EndGlobal
